// !$*UTF8*$!
{
	archiveVersion = 1;
	classes = {
	};
	objectVersion = 74;
	objects = {

/* Begin PBXBuildFile section */
		09E47F6C30865035ED999A52 /* Pods_FrogPomodore.framework in Frameworks */ = {isa = PBXBuildFile; fileRef = 5727AC1DBBF2CF8D28B65AB4 /* Pods_FrogPomodore.framework */; };
		18D8CFBD2CC1230C00CD88DF /* PomodoreViewController.swift in Sources */ = {isa = PBXBuildFile; fileRef = 18D8CFBC2CC1230C00CD88DF /* PomodoreViewController.swift */; };
		18D8CFC22CC1230E00CD88DF /* Assets.xcassets in Resources */ = {isa = PBXBuildFile; fileRef = 18D8CFC12CC1230E00CD88DF /* Assets.xcassets */; };
		18D8CFD02CC1230E00CD88DF /* FrogPomodoreTests.swift in Sources */ = {isa = PBXBuildFile; fileRef = 18D8CFCF2CC1230E00CD88DF /* FrogPomodoreTests.swift */; };
		18D8CFDA2CC1230E00CD88DF /* FrogPomodoreUITests.swift in Sources */ = {isa = PBXBuildFile; fileRef = 18D8CFD92CC1230E00CD88DF /* FrogPomodoreUITests.swift */; };
		18D8CFDC2CC1230E00CD88DF /* FrogPomodoreUITestsLaunchTests.swift in Sources */ = {isa = PBXBuildFile; fileRef = 18D8CFDB2CC1230E00CD88DF /* FrogPomodoreUITestsLaunchTests.swift */; };
		18E9417F2CC12A0C00D305A1 /* PomodoreView.swift in Sources */ = {isa = PBXBuildFile; fileRef = 18E9417E2CC12A0C00D305A1 /* PomodoreView.swift */; };
		7DE78D7D4F53D05669D89FF0 /* Pods_FrogPomodoreTests.framework in Frameworks */ = {isa = PBXBuildFile; fileRef = 52EB521EB419D591EEBA73F1 /* Pods_FrogPomodoreTests.framework */; };
		FD89CBF0D3073E0F95DBBD77 /* Pods_FrogPomodore_FrogPomodoreUITests.framework in Frameworks */ = {isa = PBXBuildFile; fileRef = EB367A5AE007AB8969D25C56 /* Pods_FrogPomodore_FrogPomodoreUITests.framework */; };
/* End PBXBuildFile section */

/* Begin PBXContainerItemProxy section */
		18D8CFCC2CC1230E00CD88DF /* PBXContainerItemProxy */ = {
			isa = PBXContainerItemProxy;
			containerPortal = 18D8CFAD2CC1230C00CD88DF /* Project object */;
			proxyType = 1;
			remoteGlobalIDString = 18D8CFB42CC1230C00CD88DF;
			remoteInfo = FrogPomodore;
		};
		18D8CFD62CC1230E00CD88DF /* PBXContainerItemProxy */ = {
			isa = PBXContainerItemProxy;
			containerPortal = 18D8CFAD2CC1230C00CD88DF /* Project object */;
			proxyType = 1;
			remoteGlobalIDString = 18D8CFB42CC1230C00CD88DF;
			remoteInfo = FrogPomodore;
		};
/* End PBXContainerItemProxy section */

/* Begin PBXFileReference section */
		05DB72EAC36A4D19077F1FD9 /* Pods-FrogPomodore.debug.xcconfig */ = {isa = PBXFileReference; includeInIndex = 1; lastKnownFileType = text.xcconfig; name = "Pods-FrogPomodore.debug.xcconfig"; path = "Target Support Files/Pods-FrogPomodore/Pods-FrogPomodore.debug.xcconfig"; sourceTree = "<group>"; };
		18D8CFB52CC1230C00CD88DF /* FrogPomodore.app */ = {isa = PBXFileReference; explicitFileType = wrapper.application; includeInIndex = 0; path = FrogPomodore.app; sourceTree = BUILT_PRODUCTS_DIR; };
		18D8CFBC2CC1230C00CD88DF /* PomodoreViewController.swift */ = {isa = PBXFileReference; lastKnownFileType = sourcecode.swift; path = PomodoreViewController.swift; sourceTree = "<group>"; };
		18D8CFC12CC1230E00CD88DF /* Assets.xcassets */ = {isa = PBXFileReference; lastKnownFileType = folder.assetcatalog; path = Assets.xcassets; sourceTree = "<group>"; };
		18D8CFC62CC1230E00CD88DF /* Info.plist */ = {isa = PBXFileReference; lastKnownFileType = text.plist.xml; path = Info.plist; sourceTree = "<group>"; };
		18D8CFCB2CC1230E00CD88DF /* FrogPomodoreTests.xctest */ = {isa = PBXFileReference; explicitFileType = wrapper.cfbundle; includeInIndex = 0; path = FrogPomodoreTests.xctest; sourceTree = BUILT_PRODUCTS_DIR; };
		18D8CFCF2CC1230E00CD88DF /* FrogPomodoreTests.swift */ = {isa = PBXFileReference; lastKnownFileType = sourcecode.swift; path = FrogPomodoreTests.swift; sourceTree = "<group>"; };
		18D8CFD52CC1230E00CD88DF /* FrogPomodoreUITests.xctest */ = {isa = PBXFileReference; explicitFileType = wrapper.cfbundle; includeInIndex = 0; path = FrogPomodoreUITests.xctest; sourceTree = BUILT_PRODUCTS_DIR; };
		18D8CFD92CC1230E00CD88DF /* FrogPomodoreUITests.swift */ = {isa = PBXFileReference; lastKnownFileType = sourcecode.swift; path = FrogPomodoreUITests.swift; sourceTree = "<group>"; };
		18D8CFDB2CC1230E00CD88DF /* FrogPomodoreUITestsLaunchTests.swift */ = {isa = PBXFileReference; lastKnownFileType = sourcecode.swift; path = FrogPomodoreUITestsLaunchTests.swift; sourceTree = "<group>"; };
		18E9417E2CC12A0C00D305A1 /* PomodoreView.swift */ = {isa = PBXFileReference; lastKnownFileType = sourcecode.swift; path = PomodoreView.swift; sourceTree = "<group>"; };
		3DC52E1847EC9C172E247508 /* Pods-FrogPomodore.release.xcconfig */ = {isa = PBXFileReference; includeInIndex = 1; lastKnownFileType = text.xcconfig; name = "Pods-FrogPomodore.release.xcconfig"; path = "Target Support Files/Pods-FrogPomodore/Pods-FrogPomodore.release.xcconfig"; sourceTree = "<group>"; };
		52EB521EB419D591EEBA73F1 /* Pods_FrogPomodoreTests.framework */ = {isa = PBXFileReference; explicitFileType = wrapper.framework; includeInIndex = 0; path = Pods_FrogPomodoreTests.framework; sourceTree = BUILT_PRODUCTS_DIR; };
		54590EAAD388DBBC475EC6EB /* Pods-FrogPomodore-FrogPomodoreUITests.release.xcconfig */ = {isa = PBXFileReference; includeInIndex = 1; lastKnownFileType = text.xcconfig; name = "Pods-FrogPomodore-FrogPomodoreUITests.release.xcconfig"; path = "Target Support Files/Pods-FrogPomodore-FrogPomodoreUITests/Pods-FrogPomodore-FrogPomodoreUITests.release.xcconfig"; sourceTree = "<group>"; };
		5727AC1DBBF2CF8D28B65AB4 /* Pods_FrogPomodore.framework */ = {isa = PBXFileReference; explicitFileType = wrapper.framework; includeInIndex = 0; path = Pods_FrogPomodore.framework; sourceTree = BUILT_PRODUCTS_DIR; };
		6826F8692207FB1793B8D6C5 /* Pods-FrogPomodoreTests.debug.xcconfig */ = {isa = PBXFileReference; includeInIndex = 1; lastKnownFileType = text.xcconfig; name = "Pods-FrogPomodoreTests.debug.xcconfig"; path = "Target Support Files/Pods-FrogPomodoreTests/Pods-FrogPomodoreTests.debug.xcconfig"; sourceTree = "<group>"; };
		AC6B8E661419EDF651BC04B9 /* Pods-FrogPomodore-FrogPomodoreUITests.debug.xcconfig */ = {isa = PBXFileReference; includeInIndex = 1; lastKnownFileType = text.xcconfig; name = "Pods-FrogPomodore-FrogPomodoreUITests.debug.xcconfig"; path = "Target Support Files/Pods-FrogPomodore-FrogPomodoreUITests/Pods-FrogPomodore-FrogPomodoreUITests.debug.xcconfig"; sourceTree = "<group>"; };
		DBFD999A821CC62F5ECEA49D /* Pods-FrogPomodoreTests.release.xcconfig */ = {isa = PBXFileReference; includeInIndex = 1; lastKnownFileType = text.xcconfig; name = "Pods-FrogPomodoreTests.release.xcconfig"; path = "Target Support Files/Pods-FrogPomodoreTests/Pods-FrogPomodoreTests.release.xcconfig"; sourceTree = "<group>"; };
		EB367A5AE007AB8969D25C56 /* Pods_FrogPomodore_FrogPomodoreUITests.framework */ = {isa = PBXFileReference; explicitFileType = wrapper.framework; includeInIndex = 0; path = Pods_FrogPomodore_FrogPomodoreUITests.framework; sourceTree = BUILT_PRODUCTS_DIR; };
/* End PBXFileReference section */

/* Begin PBXFileSystemSynchronizedBuildFileExceptionSet section */
		18B82F882E5CFFE700AF9349 /* PBXFileSystemSynchronizedBuildFileExceptionSet */ = {
			isa = PBXFileSystemSynchronizedBuildFileExceptionSet;
			membershipExceptions = (
				/Localized/LaunchScreen.storyboard,
			);
			target = 18D8CFB42CC1230C00CD88DF /* FrogPomodore */;
		};
/* End PBXFileSystemSynchronizedBuildFileExceptionSet section */

/* Begin PBXFileSystemSynchronizedGroupBuildPhaseMembershipExceptionSet section */
		18B82F892E5CFFE700AF9349 /* PBXFileSystemSynchronizedGroupBuildPhaseMembershipExceptionSet */ = {
			isa = PBXFileSystemSynchronizedGroupBuildPhaseMembershipExceptionSet;
			buildPhase = 18D8CFB32CC1230C00CD88DF /* Resources */;
			membershipExceptions = (
				Base.lproj/LaunchScreen.storyboard,
			);
		};
/* End PBXFileSystemSynchronizedGroupBuildPhaseMembershipExceptionSet section */

/* Begin PBXFileSystemSynchronizedRootGroup section */
		18B82F872E5CFFD600AF9349 /* App */ = {isa = PBXFileSystemSynchronizedRootGroup; exceptions = (18B82F882E5CFFE700AF9349 /* PBXFileSystemSynchronizedBuildFileExceptionSet */, 18B82F892E5CFFE700AF9349 /* PBXFileSystemSynchronizedGroupBuildPhaseMembershipExceptionSet */, ); explicitFileTypes = {}; explicitFolders = (); path = App; sourceTree = "<group>"; };
		18B82F8B2E5D000200AF9349 /* Presentation */ = {isa = PBXFileSystemSynchronizedRootGroup; explicitFileTypes = {}; explicitFolders = (); path = Presentation; sourceTree = "<group>"; };
		18B82F932E5D00B500AF9349 /* Domain */ = {isa = PBXFileSystemSynchronizedRootGroup; explicitFileTypes = {}; explicitFolders = (); path = Domain; sourceTree = "<group>"; };
		18B82F9B2E5D031500AF9349 /* DomainTests */ = {isa = PBXFileSystemSynchronizedRootGroup; explicitFileTypes = {}; explicitFolders = (); path = DomainTests; sourceTree = "<group>"; };
/* End PBXFileSystemSynchronizedRootGroup section */

/* Begin PBXFrameworksBuildPhase section */
		18D8CFB22CC1230C00CD88DF /* Frameworks */ = {
			isa = PBXFrameworksBuildPhase;
			buildActionMask = 2147483647;
			files = (
				09E47F6C30865035ED999A52 /* Pods_FrogPomodore.framework in Frameworks */,
			);
			runOnlyForDeploymentPostprocessing = 0;
		};
		18D8CFC82CC1230E00CD88DF /* Frameworks */ = {
			isa = PBXFrameworksBuildPhase;
			buildActionMask = 2147483647;
			files = (
				7DE78D7D4F53D05669D89FF0 /* Pods_FrogPomodoreTests.framework in Frameworks */,
			);
			runOnlyForDeploymentPostprocessing = 0;
		};
		18D8CFD22CC1230E00CD88DF /* Frameworks */ = {
			isa = PBXFrameworksBuildPhase;
			buildActionMask = 2147483647;
			files = (
				FD89CBF0D3073E0F95DBBD77 /* Pods_FrogPomodore_FrogPomodoreUITests.framework in Frameworks */,
			);
			runOnlyForDeploymentPostprocessing = 0;
		};
/* End PBXFrameworksBuildPhase section */

/* Begin PBXGroup section */
		18D8CFAC2CC1230C00CD88DF = {
			isa = PBXGroup;
			children = (
				18D8CFB72CC1230C00CD88DF /* FrogPomodore */,
				18D8CFCE2CC1230E00CD88DF /* FrogPomodoreTests */,
				18D8CFD82CC1230E00CD88DF /* FrogPomodoreUITests */,
				18D8CFB62CC1230C00CD88DF /* Products */,
				D5C2276D91910562BAB1982C /* Pods */,
				BC50CFFF069645E6D0161FDE /* Frameworks */,
			);
			sourceTree = "<group>";
		};
		18D8CFB62CC1230C00CD88DF /* Products */ = {
			isa = PBXGroup;
			children = (
				18D8CFB52CC1230C00CD88DF /* FrogPomodore.app */,
				18D8CFCB2CC1230E00CD88DF /* FrogPomodoreTests.xctest */,
				18D8CFD52CC1230E00CD88DF /* FrogPomodoreUITests.xctest */,
			);
			name = Products;
			sourceTree = "<group>";
		};
		18D8CFB72CC1230C00CD88DF /* FrogPomodore */ = {
			isa = PBXGroup;
			children = (
				18B82F8B2E5D000200AF9349 /* Presentation */,
				18B82F872E5CFFD600AF9349 /* App */,
				18D8CFBC2CC1230C00CD88DF /* PomodoreViewController.swift */,
				18D8CFC12CC1230E00CD88DF /* Assets.xcassets */,
				18D8CFC62CC1230E00CD88DF /* Info.plist */,
				18E9417E2CC12A0C00D305A1 /* PomodoreView.swift */,
				18B82F932E5D00B500AF9349 /* Domain */,
			);
			path = FrogPomodore;
			sourceTree = "<group>";
		};
		18D8CFCE2CC1230E00CD88DF /* FrogPomodoreTests */ = {
			isa = PBXGroup;
			children = (
				18B82F9B2E5D031500AF9349 /* DomainTests */,
				18D8CFCF2CC1230E00CD88DF /* FrogPomodoreTests.swift */,
			);
			path = FrogPomodoreTests;
			sourceTree = "<group>";
		};
		18D8CFD82CC1230E00CD88DF /* FrogPomodoreUITests */ = {
			isa = PBXGroup;
			children = (
				18D8CFD92CC1230E00CD88DF /* FrogPomodoreUITests.swift */,
				18D8CFDB2CC1230E00CD88DF /* FrogPomodoreUITestsLaunchTests.swift */,
			);
			path = FrogPomodoreUITests;
			sourceTree = "<group>";
		};
		BC50CFFF069645E6D0161FDE /* Frameworks */ = {
			isa = PBXGroup;
			children = (
				5727AC1DBBF2CF8D28B65AB4 /* Pods_FrogPomodore.framework */,
				EB367A5AE007AB8969D25C56 /* Pods_FrogPomodore_FrogPomodoreUITests.framework */,
				52EB521EB419D591EEBA73F1 /* Pods_FrogPomodoreTests.framework */,
			);
			name = Frameworks;
			sourceTree = "<group>";
		};
		D5C2276D91910562BAB1982C /* Pods */ = {
			isa = PBXGroup;
			children = (
				05DB72EAC36A4D19077F1FD9 /* Pods-FrogPomodore.debug.xcconfig */,
				3DC52E1847EC9C172E247508 /* Pods-FrogPomodore.release.xcconfig */,
				AC6B8E661419EDF651BC04B9 /* Pods-FrogPomodore-FrogPomodoreUITests.debug.xcconfig */,
				54590EAAD388DBBC475EC6EB /* Pods-FrogPomodore-FrogPomodoreUITests.release.xcconfig */,
				6826F8692207FB1793B8D6C5 /* Pods-FrogPomodoreTests.debug.xcconfig */,
				DBFD999A821CC62F5ECEA49D /* Pods-FrogPomodoreTests.release.xcconfig */,
			);
			path = Pods;
			sourceTree = "<group>";
		};
/* End PBXGroup section */

/* Begin PBXNativeTarget section */
		18D8CFB42CC1230C00CD88DF /* FrogPomodore */ = {
			isa = PBXNativeTarget;
			buildConfigurationList = 18D8CFDF2CC1230E00CD88DF /* Build configuration list for PBXNativeTarget "FrogPomodore" */;
			buildPhases = (
				AC679F83CEE8EE2E9936D782 /* [CP] Check Pods Manifest.lock */,
				18D8CFB12CC1230C00CD88DF /* Sources */,
				18D8CFB22CC1230C00CD88DF /* Frameworks */,
				18D8CFB32CC1230C00CD88DF /* Resources */,
			);
			buildRules = (
			);
			dependencies = (
			);
			fileSystemSynchronizedGroups = (
				18B82F872E5CFFD600AF9349 /* App */,
				18B82F8B2E5D000200AF9349 /* Presentation */,
				18B82F932E5D00B500AF9349 /* Domain */,
			);
			name = FrogPomodore;
			productName = FrogPomodore;
			productReference = 18D8CFB52CC1230C00CD88DF /* FrogPomodore.app */;
			productType = "com.apple.product-type.application";
		};
		18D8CFCA2CC1230E00CD88DF /* FrogPomodoreTests */ = {
			isa = PBXNativeTarget;
			buildConfigurationList = 18D8CFE22CC1230E00CD88DF /* Build configuration list for PBXNativeTarget "FrogPomodoreTests" */;
			buildPhases = (
				E99929A497A36690D371344D /* [CP] Check Pods Manifest.lock */,
				18D8CFC72CC1230E00CD88DF /* Sources */,
				18D8CFC82CC1230E00CD88DF /* Frameworks */,
				18D8CFC92CC1230E00CD88DF /* Resources */,
			);
			buildRules = (
			);
			dependencies = (
				18D8CFCD2CC1230E00CD88DF /* PBXTargetDependency */,
			);
			fileSystemSynchronizedGroups = (
				18B82F9B2E5D031500AF9349 /* DomainTests */,
			);
			name = FrogPomodoreTests;
			productName = FrogPomodoreTests;
			productReference = 18D8CFCB2CC1230E00CD88DF /* FrogPomodoreTests.xctest */;
			productType = "com.apple.product-type.bundle.unit-test";
		};
		18D8CFD42CC1230E00CD88DF /* FrogPomodoreUITests */ = {
			isa = PBXNativeTarget;
			buildConfigurationList = 18D8CFE52CC1230E00CD88DF /* Build configuration list for PBXNativeTarget "FrogPomodoreUITests" */;
			buildPhases = (
				08363209F93914FFB0FEB8AF /* [CP] Check Pods Manifest.lock */,
				18D8CFD12CC1230E00CD88DF /* Sources */,
				18D8CFD22CC1230E00CD88DF /* Frameworks */,
				18D8CFD32CC1230E00CD88DF /* Resources */,
			);
			buildRules = (
			);
			dependencies = (
				18D8CFD72CC1230E00CD88DF /* PBXTargetDependency */,
			);
			name = FrogPomodoreUITests;
			productName = FrogPomodoreUITests;
			productReference = 18D8CFD52CC1230E00CD88DF /* FrogPomodoreUITests.xctest */;
			productType = "com.apple.product-type.bundle.ui-testing";
		};
/* End PBXNativeTarget section */

/* Begin PBXProject section */
		18D8CFAD2CC1230C00CD88DF /* Project object */ = {
			isa = PBXProject;
			attributes = {
				BuildIndependentTargetsInParallel = 1;
				LastSwiftUpdateCheck = 1540;
				LastUpgradeCheck = 1540;
				TargetAttributes = {
					18D8CFB42CC1230C00CD88DF = {
						CreatedOnToolsVersion = 15.4;
					};
					18D8CFCA2CC1230E00CD88DF = {
						CreatedOnToolsVersion = 15.4;
						TestTargetID = 18D8CFB42CC1230C00CD88DF;
					};
					18D8CFD42CC1230E00CD88DF = {
						CreatedOnToolsVersion = 15.4;
						TestTargetID = 18D8CFB42CC1230C00CD88DF;
					};
				};
			};
			buildConfigurationList = 18D8CFB02CC1230C00CD88DF /* Build configuration list for PBXProject "FrogPomodore" */;
			developmentRegion = en;
			hasScannedForEncodings = 0;
			knownRegions = (
				en,
				Base,
			);
			mainGroup = 18D8CFAC2CC1230C00CD88DF;
			preferredProjectObjectVersion = 56;
			productRefGroup = 18D8CFB62CC1230C00CD88DF /* Products */;
			projectDirPath = "";
			projectRoot = "";
			targets = (
				18D8CFB42CC1230C00CD88DF /* FrogPomodore */,
				18D8CFCA2CC1230E00CD88DF /* FrogPomodoreTests */,
				18D8CFD42CC1230E00CD88DF /* FrogPomodoreUITests */,
			);
		};
/* End PBXProject section */

/* Begin PBXResourcesBuildPhase section */
		18D8CFB32CC1230C00CD88DF /* Resources */ = {
			isa = PBXResourcesBuildPhase;
			buildActionMask = 2147483647;
			files = (
				18D8CFC22CC1230E00CD88DF /* Assets.xcassets in Resources */,
			);
			runOnlyForDeploymentPostprocessing = 0;
		};
		18D8CFC92CC1230E00CD88DF /* Resources */ = {
			isa = PBXResourcesBuildPhase;
			buildActionMask = 2147483647;
			files = (
			);
			runOnlyForDeploymentPostprocessing = 0;
		};
		18D8CFD32CC1230E00CD88DF /* Resources */ = {
			isa = PBXResourcesBuildPhase;
			buildActionMask = 2147483647;
			files = (
			);
			runOnlyForDeploymentPostprocessing = 0;
		};
/* End PBXResourcesBuildPhase section */

/* Begin PBXShellScriptBuildPhase section */
		08363209F93914FFB0FEB8AF /* [CP] Check Pods Manifest.lock */ = {
			isa = PBXShellScriptBuildPhase;
			buildActionMask = 2147483647;
			files = (
			);
			inputFileListPaths = (
			);
			inputPaths = (
				"${PODS_PODFILE_DIR_PATH}/Podfile.lock",
				"${PODS_ROOT}/Manifest.lock",
			);
			name = "[CP] Check Pods Manifest.lock";
			outputFileListPaths = (
			);
			outputPaths = (
				"$(DERIVED_FILE_DIR)/Pods-FrogPomodore-FrogPomodoreUITests-checkManifestLockResult.txt",
			);
			runOnlyForDeploymentPostprocessing = 0;
			shellPath = /bin/sh;
			shellScript = "diff \"${PODS_PODFILE_DIR_PATH}/Podfile.lock\" \"${PODS_ROOT}/Manifest.lock\" > /dev/null\nif [ $? != 0 ] ; then\n    # print error to STDERR\n    echo \"error: The sandbox is not in sync with the Podfile.lock. Run 'pod install' or update your CocoaPods installation.\" >&2\n    exit 1\nfi\n# This output is used by Xcode 'outputs' to avoid re-running this script phase.\necho \"SUCCESS\" > \"${SCRIPT_OUTPUT_FILE_0}\"\n";
			showEnvVarsInLog = 0;
		};
		AC679F83CEE8EE2E9936D782 /* [CP] Check Pods Manifest.lock */ = {
			isa = PBXShellScriptBuildPhase;
			buildActionMask = 2147483647;
			files = (
			);
			inputFileListPaths = (
			);
			inputPaths = (
				"${PODS_PODFILE_DIR_PATH}/Podfile.lock",
				"${PODS_ROOT}/Manifest.lock",
			);
			name = "[CP] Check Pods Manifest.lock";
			outputFileListPaths = (
			);
			outputPaths = (
				"$(DERIVED_FILE_DIR)/Pods-FrogPomodore-checkManifestLockResult.txt",
			);
			runOnlyForDeploymentPostprocessing = 0;
			shellPath = /bin/sh;
			shellScript = "diff \"${PODS_PODFILE_DIR_PATH}/Podfile.lock\" \"${PODS_ROOT}/Manifest.lock\" > /dev/null\nif [ $? != 0 ] ; then\n    # print error to STDERR\n    echo \"error: The sandbox is not in sync with the Podfile.lock. Run 'pod install' or update your CocoaPods installation.\" >&2\n    exit 1\nfi\n# This output is used by Xcode 'outputs' to avoid re-running this script phase.\necho \"SUCCESS\" > \"${SCRIPT_OUTPUT_FILE_0}\"\n";
			showEnvVarsInLog = 0;
		};
		E99929A497A36690D371344D /* [CP] Check Pods Manifest.lock */ = {
			isa = PBXShellScriptBuildPhase;
			buildActionMask = 2147483647;
			files = (
			);
			inputFileListPaths = (
			);
			inputPaths = (
				"${PODS_PODFILE_DIR_PATH}/Podfile.lock",
				"${PODS_ROOT}/Manifest.lock",
			);
			name = "[CP] Check Pods Manifest.lock";
			outputFileListPaths = (
			);
			outputPaths = (
				"$(DERIVED_FILE_DIR)/Pods-FrogPomodoreTests-checkManifestLockResult.txt",
			);
			runOnlyForDeploymentPostprocessing = 0;
			shellPath = /bin/sh;
			shellScript = "diff \"${PODS_PODFILE_DIR_PATH}/Podfile.lock\" \"${PODS_ROOT}/Manifest.lock\" > /dev/null\nif [ $? != 0 ] ; then\n    # print error to STDERR\n    echo \"error: The sandbox is not in sync with the Podfile.lock. Run 'pod install' or update your CocoaPods installation.\" >&2\n    exit 1\nfi\n# This output is used by Xcode 'outputs' to avoid re-running this script phase.\necho \"SUCCESS\" > \"${SCRIPT_OUTPUT_FILE_0}\"\n";
			showEnvVarsInLog = 0;
		};
/* End PBXShellScriptBuildPhase section */

/* Begin PBXSourcesBuildPhase section */
		18D8CFB12CC1230C00CD88DF /* Sources */ = {
			isa = PBXSourcesBuildPhase;
			buildActionMask = 2147483647;
			files = (
				18D8CFBD2CC1230C00CD88DF /* PomodoreViewController.swift in Sources */,
				18E9417F2CC12A0C00D305A1 /* PomodoreView.swift in Sources */,
			);
			runOnlyForDeploymentPostprocessing = 0;
		};
		18D8CFC72CC1230E00CD88DF /* Sources */ = {
			isa = PBXSourcesBuildPhase;
			buildActionMask = 2147483647;
			files = (
				18D8CFD02CC1230E00CD88DF /* FrogPomodoreTests.swift in Sources */,
			);
			runOnlyForDeploymentPostprocessing = 0;
		};
		18D8CFD12CC1230E00CD88DF /* Sources */ = {
			isa = PBXSourcesBuildPhase;
			buildActionMask = 2147483647;
			files = (
				18D8CFDA2CC1230E00CD88DF /* FrogPomodoreUITests.swift in Sources */,
				18D8CFDC2CC1230E00CD88DF /* FrogPomodoreUITestsLaunchTests.swift in Sources */,
			);
			runOnlyForDeploymentPostprocessing = 0;
		};
/* End PBXSourcesBuildPhase section */

/* Begin PBXTargetDependency section */
		18D8CFCD2CC1230E00CD88DF /* PBXTargetDependency */ = {
			isa = PBXTargetDependency;
			target = 18D8CFB42CC1230C00CD88DF /* FrogPomodore */;
			targetProxy = 18D8CFCC2CC1230E00CD88DF /* PBXContainerItemProxy */;
		};
		18D8CFD72CC1230E00CD88DF /* PBXTargetDependency */ = {
			isa = PBXTargetDependency;
			target = 18D8CFB42CC1230C00CD88DF /* FrogPomodore */;
			targetProxy = 18D8CFD62CC1230E00CD88DF /* PBXContainerItemProxy */;
		};
/* End PBXTargetDependency section */

/* Begin XCBuildConfiguration section */
		18D8CFDD2CC1230E00CD88DF /* Debug */ = {
			isa = XCBuildConfiguration;
			buildSettings = {
				ALWAYS_SEARCH_USER_PATHS = NO;
				ASSETCATALOG_COMPILER_GENERATE_SWIFT_ASSET_SYMBOL_EXTENSIONS = YES;
				CLANG_ANALYZER_NONNULL = YES;
				CLANG_ANALYZER_NUMBER_OBJECT_CONVERSION = YES_AGGRESSIVE;
				CLANG_CXX_LANGUAGE_STANDARD = "gnu++20";
				CLANG_ENABLE_MODULES = YES;
				CLANG_ENABLE_OBJC_ARC = YES;
				CLANG_ENABLE_OBJC_WEAK = YES;
				CLANG_WARN_BLOCK_CAPTURE_AUTORELEASING = YES;
				CLANG_WARN_BOOL_CONVERSION = YES;
				CLANG_WARN_COMMA = YES;
				CLANG_WARN_CONSTANT_CONVERSION = YES;
				CLANG_WARN_DEPRECATED_OBJC_IMPLEMENTATIONS = YES;
				CLANG_WARN_DIRECT_OBJC_ISA_USAGE = YES_ERROR;
				CLANG_WARN_DOCUMENTATION_COMMENTS = YES;
				CLANG_WARN_EMPTY_BODY = YES;
				CLANG_WARN_ENUM_CONVERSION = YES;
				CLANG_WARN_INFINITE_RECURSION = YES;
				CLANG_WARN_INT_CONVERSION = YES;
				CLANG_WARN_NON_LITERAL_NULL_CONVERSION = YES;
				CLANG_WARN_OBJC_IMPLICIT_RETAIN_SELF = YES;
				CLANG_WARN_OBJC_LITERAL_CONVERSION = YES;
				CLANG_WARN_OBJC_ROOT_CLASS = YES_ERROR;
				CLANG_WARN_QUOTED_INCLUDE_IN_FRAMEWORK_HEADER = YES;
				CLANG_WARN_RANGE_LOOP_ANALYSIS = YES;
				CLANG_WARN_STRICT_PROTOTYPES = YES;
				CLANG_WARN_SUSPICIOUS_MOVE = YES;
				CLANG_WARN_UNGUARDED_AVAILABILITY = YES_AGGRESSIVE;
				CLANG_WARN_UNREACHABLE_CODE = YES;
				CLANG_WARN__DUPLICATE_METHOD_MATCH = YES;
				COPY_PHASE_STRIP = NO;
				DEBUG_INFORMATION_FORMAT = dwarf;
				ENABLE_STRICT_OBJC_MSGSEND = YES;
				ENABLE_TESTABILITY = YES;
				ENABLE_USER_SCRIPT_SANDBOXING = YES;
				GCC_C_LANGUAGE_STANDARD = gnu17;
				GCC_DYNAMIC_NO_PIC = NO;
				GCC_NO_COMMON_BLOCKS = YES;
				GCC_OPTIMIZATION_LEVEL = 0;
				GCC_PREPROCESSOR_DEFINITIONS = (
					"DEBUG=1",
					"$(inherited)",
				);
				GCC_WARN_64_TO_32_BIT_CONVERSION = YES;
				GCC_WARN_ABOUT_RETURN_TYPE = YES_ERROR;
				GCC_WARN_UNDECLARED_SELECTOR = YES;
				GCC_WARN_UNINITIALIZED_AUTOS = YES_AGGRESSIVE;
				GCC_WARN_UNUSED_FUNCTION = YES;
				GCC_WARN_UNUSED_VARIABLE = YES;
				IPHONEOS_DEPLOYMENT_TARGET = 17.5;
				LOCALIZATION_PREFERS_STRING_CATALOGS = YES;
				MTL_ENABLE_DEBUG_INFO = INCLUDE_SOURCE;
				MTL_FAST_MATH = YES;
				ONLY_ACTIVE_ARCH = YES;
				SDKROOT = iphoneos;
				SWIFT_ACTIVE_COMPILATION_CONDITIONS = "DEBUG $(inherited)";
				SWIFT_OPTIMIZATION_LEVEL = "-Onone";
			};
			name = Debug;
		};
		18D8CFDE2CC1230E00CD88DF /* Release */ = {
			isa = XCBuildConfiguration;
			buildSettings = {
				ALWAYS_SEARCH_USER_PATHS = NO;
				ASSETCATALOG_COMPILER_GENERATE_SWIFT_ASSET_SYMBOL_EXTENSIONS = YES;
				CLANG_ANALYZER_NONNULL = YES;
				CLANG_ANALYZER_NUMBER_OBJECT_CONVERSION = YES_AGGRESSIVE;
				CLANG_CXX_LANGUAGE_STANDARD = "gnu++20";
				CLANG_ENABLE_MODULES = YES;
				CLANG_ENABLE_OBJC_ARC = YES;
				CLANG_ENABLE_OBJC_WEAK = YES;
				CLANG_WARN_BLOCK_CAPTURE_AUTORELEASING = YES;
				CLANG_WARN_BOOL_CONVERSION = YES;
				CLANG_WARN_COMMA = YES;
				CLANG_WARN_CONSTANT_CONVERSION = YES;
				CLANG_WARN_DEPRECATED_OBJC_IMPLEMENTATIONS = YES;
				CLANG_WARN_DIRECT_OBJC_ISA_USAGE = YES_ERROR;
				CLANG_WARN_DOCUMENTATION_COMMENTS = YES;
				CLANG_WARN_EMPTY_BODY = YES;
				CLANG_WARN_ENUM_CONVERSION = YES;
				CLANG_WARN_INFINITE_RECURSION = YES;
				CLANG_WARN_INT_CONVERSION = YES;
				CLANG_WARN_NON_LITERAL_NULL_CONVERSION = YES;
				CLANG_WARN_OBJC_IMPLICIT_RETAIN_SELF = YES;
				CLANG_WARN_OBJC_LITERAL_CONVERSION = YES;
				CLANG_WARN_OBJC_ROOT_CLASS = YES_ERROR;
				CLANG_WARN_QUOTED_INCLUDE_IN_FRAMEWORK_HEADER = YES;
				CLANG_WARN_RANGE_LOOP_ANALYSIS = YES;
				CLANG_WARN_STRICT_PROTOTYPES = YES;
				CLANG_WARN_SUSPICIOUS_MOVE = YES;
				CLANG_WARN_UNGUARDED_AVAILABILITY = YES_AGGRESSIVE;
				CLANG_WARN_UNREACHABLE_CODE = YES;
				CLANG_WARN__DUPLICATE_METHOD_MATCH = YES;
				COPY_PHASE_STRIP = NO;
				DEBUG_INFORMATION_FORMAT = "dwarf-with-dsym";
				ENABLE_NS_ASSERTIONS = NO;
				ENABLE_STRICT_OBJC_MSGSEND = YES;
				ENABLE_USER_SCRIPT_SANDBOXING = YES;
				GCC_C_LANGUAGE_STANDARD = gnu17;
				GCC_NO_COMMON_BLOCKS = YES;
				GCC_WARN_64_TO_32_BIT_CONVERSION = YES;
				GCC_WARN_ABOUT_RETURN_TYPE = YES_ERROR;
				GCC_WARN_UNDECLARED_SELECTOR = YES;
				GCC_WARN_UNINITIALIZED_AUTOS = YES_AGGRESSIVE;
				GCC_WARN_UNUSED_FUNCTION = YES;
				GCC_WARN_UNUSED_VARIABLE = YES;
				IPHONEOS_DEPLOYMENT_TARGET = 17.5;
				LOCALIZATION_PREFERS_STRING_CATALOGS = YES;
				MTL_ENABLE_DEBUG_INFO = NO;
				MTL_FAST_MATH = YES;
				SDKROOT = iphoneos;
				SWIFT_COMPILATION_MODE = wholemodule;
				VALIDATE_PRODUCT = YES;
			};
			name = Release;
		};
		18D8CFE02CC1230E00CD88DF /* Debug */ = {
			isa = XCBuildConfiguration;
			baseConfigurationReference = 05DB72EAC36A4D19077F1FD9 /* Pods-FrogPomodore.debug.xcconfig */;
			buildSettings = {
				ASSETCATALOG_COMPILER_APPICON_NAME = AppIcon;
				ASSETCATALOG_COMPILER_GLOBAL_ACCENT_COLOR_NAME = AccentColor;
				CODE_SIGN_STYLE = Automatic;
				CURRENT_PROJECT_VERSION = 1;
				DEVELOPMENT_TEAM = 8MF89G73K4;
				GENERATE_INFOPLIST_FILE = YES;
				INFOPLIST_FILE = FrogPomodore/Info.plist;
				INFOPLIST_KEY_UIApplicationSupportsIndirectInputEvents = YES;
				INFOPLIST_KEY_UILaunchStoryboardName = LaunchScreen;
				INFOPLIST_KEY_UISupportedInterfaceOrientations_iPad = "UIInterfaceOrientationPortrait UIInterfaceOrientationPortraitUpsideDown UIInterfaceOrientationLandscapeLeft UIInterfaceOrientationLandscapeRight";
				INFOPLIST_KEY_UISupportedInterfaceOrientations_iPhone = "UIInterfaceOrientationPortrait UIInterfaceOrientationLandscapeLeft UIInterfaceOrientationLandscapeRight";
				LD_RUNPATH_SEARCH_PATHS = (
					"$(inherited)",
					"@executable_path/Frameworks",
				);
				MARKETING_VERSION = 1.0;
				PRODUCT_BUNDLE_IDENTIFIER = com.rudrigo.FrogPomodore;
				PRODUCT_NAME = "$(TARGET_NAME)";
				SWIFT_EMIT_LOC_STRINGS = YES;
				SWIFT_VERSION = 5.0;
				TARGETED_DEVICE_FAMILY = "1,2";
			};
			name = Debug;
		};
		18D8CFE12CC1230E00CD88DF /* Release */ = {
			isa = XCBuildConfiguration;
			baseConfigurationReference = 3DC52E1847EC9C172E247508 /* Pods-FrogPomodore.release.xcconfig */;
			buildSettings = {
				ASSETCATALOG_COMPILER_APPICON_NAME = AppIcon;
				ASSETCATALOG_COMPILER_GLOBAL_ACCENT_COLOR_NAME = AccentColor;
				CODE_SIGN_STYLE = Automatic;
				CURRENT_PROJECT_VERSION = 1;
				DEVELOPMENT_TEAM = 8MF89G73K4;
				GENERATE_INFOPLIST_FILE = YES;
				INFOPLIST_FILE = FrogPomodore/Info.plist;
				INFOPLIST_KEY_UIApplicationSupportsIndirectInputEvents = YES;
				INFOPLIST_KEY_UILaunchStoryboardName = LaunchScreen;
				INFOPLIST_KEY_UISupportedInterfaceOrientations_iPad = "UIInterfaceOrientationPortrait UIInterfaceOrientationPortraitUpsideDown UIInterfaceOrientationLandscapeLeft UIInterfaceOrientationLandscapeRight";
				INFOPLIST_KEY_UISupportedInterfaceOrientations_iPhone = "UIInterfaceOrientationPortrait UIInterfaceOrientationLandscapeLeft UIInterfaceOrientationLandscapeRight";
				LD_RUNPATH_SEARCH_PATHS = (
					"$(inherited)",
					"@executable_path/Frameworks",
				);
				MARKETING_VERSION = 1.0;
				PRODUCT_BUNDLE_IDENTIFIER = com.rudrigo.FrogPomodore;
				PRODUCT_NAME = "$(TARGET_NAME)";
				SWIFT_EMIT_LOC_STRINGS = YES;
				SWIFT_VERSION = 5.0;
				TARGETED_DEVICE_FAMILY = "1,2";
			};
			name = Release;
		};
		18D8CFE32CC1230E00CD88DF /* Debug */ = {
			isa = XCBuildConfiguration;
			baseConfigurationReference = 6826F8692207FB1793B8D6C5 /* Pods-FrogPomodoreTests.debug.xcconfig */;
			buildSettings = {
				ALWAYS_EMBED_SWIFT_STANDARD_LIBRARIES = YES;
				BUNDLE_LOADER = "$(TEST_HOST)";
				CODE_SIGN_STYLE = Automatic;
				CURRENT_PROJECT_VERSION = 1;
				DEVELOPMENT_TEAM = 8MF89G73K4;
				GENERATE_INFOPLIST_FILE = YES;
				IPHONEOS_DEPLOYMENT_TARGET = 17.5;
				MARKETING_VERSION = 1.0;
				PRODUCT_BUNDLE_IDENTIFIER = com.rudrigo.FrogPomodoreTests;
				PRODUCT_NAME = "$(TARGET_NAME)";
				SWIFT_EMIT_LOC_STRINGS = NO;
				SWIFT_VERSION = 5.0;
				TARGETED_DEVICE_FAMILY = "1,2";
				TEST_HOST = "$(BUILT_PRODUCTS_DIR)/FrogPomodore.app/$(BUNDLE_EXECUTABLE_FOLDER_PATH)/FrogPomodore";
			};
			name = Debug;
		};
		18D8CFE42CC1230E00CD88DF /* Release */ = {
			isa = XCBuildConfiguration;
			baseConfigurationReference = DBFD999A821CC62F5ECEA49D /* Pods-FrogPomodoreTests.release.xcconfig */;
			buildSettings = {
				ALWAYS_EMBED_SWIFT_STANDARD_LIBRARIES = YES;
				BUNDLE_LOADER = "$(TEST_HOST)";
				CODE_SIGN_STYLE = Automatic;
				CURRENT_PROJECT_VERSION = 1;
				DEVELOPMENT_TEAM = 8MF89G73K4;
				GENERATE_INFOPLIST_FILE = YES;
				IPHONEOS_DEPLOYMENT_TARGET = 17.5;
				MARKETING_VERSION = 1.0;
				PRODUCT_BUNDLE_IDENTIFIER = com.rudrigo.FrogPomodoreTests;
				PRODUCT_NAME = "$(TARGET_NAME)";
				SWIFT_EMIT_LOC_STRINGS = NO;
				SWIFT_VERSION = 5.0;
				TARGETED_DEVICE_FAMILY = "1,2";
				TEST_HOST = "$(BUILT_PRODUCTS_DIR)/FrogPomodore.app/$(BUNDLE_EXECUTABLE_FOLDER_PATH)/FrogPomodore";
			};
			name = Release;
		};
		18D8CFE62CC1230E00CD88DF /* Debug */ = {
			isa = XCBuildConfiguration;
			baseConfigurationReference = AC6B8E661419EDF651BC04B9 /* Pods-FrogPomodore-FrogPomodoreUITests.debug.xcconfig */;
			buildSettings = {
				ALWAYS_EMBED_SWIFT_STANDARD_LIBRARIES = YES;
				CODE_SIGN_STYLE = Automatic;
				CURRENT_PROJECT_VERSION = 1;
				DEVELOPMENT_TEAM = 8MF89G73K4;
				GENERATE_INFOPLIST_FILE = YES;
				MARKETING_VERSION = 1.0;
				PRODUCT_BUNDLE_IDENTIFIER = com.rudrigo.FrogPomodoreUITests;
				PRODUCT_NAME = "$(TARGET_NAME)";
				SWIFT_EMIT_LOC_STRINGS = NO;
				SWIFT_VERSION = 5.0;
				TARGETED_DEVICE_FAMILY = "1,2";
				TEST_TARGET_NAME = FrogPomodore;
			};
			name = Debug;
		};
		18D8CFE72CC1230E00CD88DF /* Release */ = {
			isa = XCBuildConfiguration;
			baseConfigurationReference = 54590EAAD388DBBC475EC6EB /* Pods-FrogPomodore-FrogPomodoreUITests.release.xcconfig */;
			buildSettings = {
				ALWAYS_EMBED_SWIFT_STANDARD_LIBRARIES = YES;
				CODE_SIGN_STYLE = Automatic;
				CURRENT_PROJECT_VERSION = 1;
				DEVELOPMENT_TEAM = 8MF89G73K4;
				GENERATE_INFOPLIST_FILE = YES;
				MARKETING_VERSION = 1.0;
				PRODUCT_BUNDLE_IDENTIFIER = com.rudrigo.FrogPomodoreUITests;
				PRODUCT_NAME = "$(TARGET_NAME)";
				SWIFT_EMIT_LOC_STRINGS = NO;
				SWIFT_VERSION = 5.0;
				TARGETED_DEVICE_FAMILY = "1,2";
				TEST_TARGET_NAME = FrogPomodore;
			};
			name = Release;
		};
/* End XCBuildConfiguration section */

/* Begin XCConfigurationList section */
		18D8CFB02CC1230C00CD88DF /* Build configuration list for PBXProject "FrogPomodore" */ = {
			isa = XCConfigurationList;
			buildConfigurations = (
				18D8CFDD2CC1230E00CD88DF /* Debug */,
				18D8CFDE2CC1230E00CD88DF /* Release */,
			);
			defaultConfigurationIsVisible = 0;
			defaultConfigurationName = Release;
		};
		18D8CFDF2CC1230E00CD88DF /* Build configuration list for PBXNativeTarget "FrogPomodore" */ = {
			isa = XCConfigurationList;
			buildConfigurations = (
				18D8CFE02CC1230E00CD88DF /* Debug */,
				18D8CFE12CC1230E00CD88DF /* Release */,
			);
			defaultConfigurationIsVisible = 0;
			defaultConfigurationName = Release;
		};
		18D8CFE22CC1230E00CD88DF /* Build configuration list for PBXNativeTarget "FrogPomodoreTests" */ = {
			isa = XCConfigurationList;
			buildConfigurations = (
				18D8CFE32CC1230E00CD88DF /* Debug */,
				18D8CFE42CC1230E00CD88DF /* Release */,
			);
			defaultConfigurationIsVisible = 0;
			defaultConfigurationName = Release;
		};
		18D8CFE52CC1230E00CD88DF /* Build configuration list for PBXNativeTarget "FrogPomodoreUITests" */ = {
			isa = XCConfigurationList;
			buildConfigurations = (
				18D8CFE62CC1230E00CD88DF /* Debug */,
				18D8CFE72CC1230E00CD88DF /* Release */,
			);
			defaultConfigurationIsVisible = 0;
			defaultConfigurationName = Release;
		};
/* End XCConfigurationList section */
	};
	rootObject = 18D8CFAD2CC1230C00CD88DF /* Project object */;
}
